
Microsoft Visual Studio Solution File, Format Version 12.00
# Visual Studio Version 16
VisualStudioVersion = 16.0.30717.126
MinimumVisualStudioVersion = 10.0.40219.1
Project("{FAE04EC0-301F-11D3-BF4B-00C04F79EFBC}") = "Elsword_Launcher", "Elsword_Launcher\Elsword_Launcher.csproj", "{0838D664-549A-4804-A076-40529271BA6E}"
EndProject
Global
	GlobalSection(SolutionConfigurationPlatforms) = preSolution
		Debug|Any CPU = Debug|Any CPU
		Release|Any CPU = Release|Any CPU
	EndGlobalSection
	GlobalSection(ProjectConfigurationPlatforms) = postSolution
		{0838D664-549A-4804-A076-40529271BA6E}.Debug|Any CPU.ActiveCfg = Debug|Any CPU
		{0838D664-549A-4804-A076-40529271BA6E}.Debug|Any CPU.Build.0 = Debug|Any CPU
		{0838D664-549A-4804-A076-40529271BA6E}.Release|Any CPU.ActiveCfg = Release|Any CPU
		{0838D664-549A-4804-A076-40529271BA6E}.Release|Any CPU.Build.0 = Release|Any CPU
	EndGlobalSection
	GlobalSection(SolutionProperties) = preSolution
		HideSolutionNode = FALSE
	EndGlobalSection
	GlobalSection(ExtensibilityGlobals) = postSolution
		SolutionGuid = {211F9AEB-EE8A-4FF4-A702-CC2258636864}
	EndGlobalSection
EndGlobal
